
Microsoft Visual Studio Solution File, Format Version 12.00
# Visual Studio 15
VisualStudioVersion = 15.0.28307.1022
MinimumVisualStudioVersion = 10.0.40219.1
Project("{FAE04EC0-301F-11D3-BF4B-00C04F79EFBC}") = "ProjectMVC", "ProjectMVC\ProjectMVC.csproj", "{FA3C3D7C-543F-47B1-981D-DFA1037F3CFC}"
EndProject
Project("{FAE04EC0-301F-11D3-BF4B-00C04F79EFBC}") = "Model", "Model\Model.csproj", "{D6BEE106-7972-4E45-9262-F62C33900B2B}"
EndProject
Project("{FAE04EC0-301F-11D3-BF4B-00C04F79EFBC}") = "SendGmail", "SendGmail\SendGmail.csproj", "{0D854181-6726-4417-A3D8-781272DF0996}"
EndProject
Global
	GlobalSection(SolutionConfigurationPlatforms) = preSolution
		Debug|Any CPU = Debug|Any CPU
		Release|Any CPU = Release|Any CPU
	EndGlobalSection
	GlobalSection(ProjectConfigurationPlatforms) = postSolution
		{FA3C3D7C-543F-47B1-981D-DFA1037F3CFC}.Debug|Any CPU.ActiveCfg = Debug|Any CPU
		{FA3C3D7C-543F-47B1-981D-DFA1037F3CFC}.Debug|Any CPU.Build.0 = Debug|Any CPU
		{FA3C3D7C-543F-47B1-981D-DFA1037F3CFC}.Release|Any CPU.ActiveCfg = Release|Any CPU
		{FA3C3D7C-543F-47B1-981D-DFA1037F3CFC}.Release|Any CPU.Build.0 = Release|Any CPU
		{D6BEE106-7972-4E45-9262-F62C33900B2B}.Debug|Any CPU.ActiveCfg = Debug|Any CPU
		{D6BEE106-7972-4E45-9262-F62C33900B2B}.Debug|Any CPU.Build.0 = Debug|Any CPU
		{D6BEE106-7972-4E45-9262-F62C33900B2B}.Release|Any CPU.ActiveCfg = Release|Any CPU
		{D6BEE106-7972-4E45-9262-F62C33900B2B}.Release|Any CPU.Build.0 = Release|Any CPU
		{0D854181-6726-4417-A3D8-781272DF0996}.Debug|Any CPU.ActiveCfg = Debug|Any CPU
		{0D854181-6726-4417-A3D8-781272DF0996}.Debug|Any CPU.Build.0 = Debug|Any CPU
		{0D854181-6726-4417-A3D8-781272DF0996}.Release|Any CPU.ActiveCfg = Release|Any CPU
		{0D854181-6726-4417-A3D8-781272DF0996}.Release|Any CPU.Build.0 = Release|Any CPU
	EndGlobalSection
	GlobalSection(SolutionProperties) = preSolution
		HideSolutionNode = FALSE
	EndGlobalSection
	GlobalSection(ExtensibilityGlobals) = postSolution
		SolutionGuid = {1C33A3A8-D918-4BB1-AC31-4E70098BF96B}
	EndGlobalSection
EndGlobal
